hash: 00b85ae04df03921ebcfb5a5dfab76c60e4b33f0226c461dc565cfd289f3f990
updated: 2016-10-21T12:40:46.9162013+09:00
imports:
- name: github.com/urfave/cli
  version: a14d7d367bc02b1f57d88de97926727f2d936387
- name: gopkg.in/natefinch/lumberjack.v2
  version: 8ec9c6b748e0c75183863d208c8442319ddc5321
testImports: []
